// !$*UTF8*$!
{
	archiveVersion = 1;
	classes = {
	};
	objectVersion = 50;
	objects = {

/* Begin PBXBuildFile section */
		E852C66526D7F832008927B7 /* AppDelegate.swift in Sources */ = {isa = PBXBuildFile; fileRef = E852C66426D7F832008927B7 /* AppDelegate.swift */; };
		E852C66726D7F832008927B7 /* art.scnassets in Resources */ = {isa = PBXBuildFile; fileRef = E852C66626D7F832008927B7 /* art.scnassets */; };
		E852C66926D7F832008927B7 /* ViewController.swift in Sources */ = {isa = PBXBuildFile; fileRef = E852C66826D7F832008927B7 /* ViewController.swift */; };
		E852C66C26D7F832008927B7 /* Main.storyboard in Resources */ = {isa = PBXBuildFile; fileRef = E852C66A26D7F832008927B7 /* Main.storyboard */; };
		E852C66E26D7F833008927B7 /* Assets.xcassets in Resources */ = {isa = PBXBuildFile; fileRef = E852C66D26D7F833008927B7 /* Assets.xcassets */; };
		E852C67126D7F833008927B7 /* LaunchScreen.storyboard in Resources */ = {isa = PBXBuildFile; fileRef = E852C66F26D7F833008927B7 /* LaunchScreen.storyboard */; };
		E852C67F26D80688008927B7 /* ARSCNConfig.swift in Sources */ = {isa = PBXBuildFile; fileRef = E852C67E26D80688008927B7 /* ARSCNConfig.swift */; };
		E852C68126D806CE008927B7 /* BrowsARModel.mlmodel in Sources */ = {isa = PBXBuildFile; fileRef = E852C68026D806CE008927B7 /* BrowsARModel.mlmodel */; };
		E852C68626D808F4008927B7 /* WebController.swift in Sources */ = {isa = PBXBuildFile; fileRef = E852C68526D808F4008927B7 /* WebController.swift */; };
		E852C68826D8091A008927B7 /* WebNode.swift in Sources */ = {isa = PBXBuildFile; fileRef = E852C68726D8091A008927B7 /* WebNode.swift */; };
/* End PBXBuildFile section */

/* Begin PBXFileReference section */
		E852C66126D7F832008927B7 /* BrowsAR.app */ = {isa = PBXFileReference; explicitFileType = wrapper.application; includeInIndex = 0; path = BrowsAR.app; sourceTree = BUILT_PRODUCTS_DIR; };
		E852C66426D7F832008927B7 /* AppDelegate.swift */ = {isa = PBXFileReference; lastKnownFileType = sourcecode.swift; path = AppDelegate.swift; sourceTree = "<group>"; };
		E852C66626D7F832008927B7 /* art.scnassets */ = {isa = PBXFileReference; lastKnownFileType = wrapper.scnassets; path = art.scnassets; sourceTree = "<group>"; };
		E852C66826D7F832008927B7 /* ViewController.swift */ = {isa = PBXFileReference; lastKnownFileType = sourcecode.swift; path = ViewController.swift; sourceTree = "<group>"; };
		E852C66B26D7F832008927B7 /* Base */ = {isa = PBXFileReference; lastKnownFileType = file.storyboard; name = Base; path = Base.lproj/Main.storyboard; sourceTree = "<group>"; };
		E852C66D26D7F833008927B7 /* Assets.xcassets */ = {isa = PBXFileReference; lastKnownFileType = folder.assetcatalog; path = Assets.xcassets; sourceTree = "<group>"; };
		E852C67026D7F833008927B7 /* Base */ = {isa = PBXFileReference; lastKnownFileType = file.storyboard; name = Base; path = Base.lproj/LaunchScreen.storyboard; sourceTree = "<group>"; };
		E852C67226D7F833008927B7 /* Info.plist */ = {isa = PBXFileReference; lastKnownFileType = text.plist.xml; path = Info.plist; sourceTree = "<group>"; };
		E852C67E26D80688008927B7 /* ARSCNConfig.swift */ = {isa = PBXFileReference; lastKnownFileType = sourcecode.swift; path = ARSCNConfig.swift; sourceTree = "<group>"; };
		E852C68026D806CE008927B7 /* BrowsARModel.mlmodel */ = {isa = PBXFileReference; lastKnownFileType = file.mlmodel; name = BrowsARModel.mlmodel; path = BrowsAR/BrowsARModel.mlmodel; sourceTree = "<group>"; };
		E852C68526D808F4008927B7 /* WebController.swift */ = {isa = PBXFileReference; lastKnownFileType = sourcecode.swift; path = WebController.swift; sourceTree = "<group>"; };
		E852C68726D8091A008927B7 /* WebNode.swift */ = {isa = PBXFileReference; lastKnownFileType = sourcecode.swift; path = WebNode.swift; sourceTree = "<group>"; };
/* End PBXFileReference section */

/* Begin PBXFrameworksBuildPhase section */
		E852C65E26D7F832008927B7 /* Frameworks */ = {
			isa = PBXFrameworksBuildPhase;
			buildActionMask = 2147483647;
			files = (
			);
			runOnlyForDeploymentPostprocessing = 0;
		};
/* End PBXFrameworksBuildPhase section */

/* Begin PBXGroup section */
		E852C65826D7F832008927B7 = {
			isa = PBXGroup;
			children = (
				E852C68026D806CE008927B7 /* BrowsARModel.mlmodel */,
				E852C66326D7F832008927B7 /* BrowsAR */,
				E852C66226D7F832008927B7 /* Products */,
			);
			sourceTree = "<group>";
		};
		E852C66226D7F832008927B7 /* Products */ = {
			isa = PBXGroup;
			children = (
				E852C66126D7F832008927B7 /* BrowsAR.app */,
			);
			name = Products;
			sourceTree = "<group>";
		};
		E852C66326D7F832008927B7 /* BrowsAR */ = {
			isa = PBXGroup;
			children = (
				E852C68326D80898008927B7 /* Modules */,
				E852C68226D80878008927B7 /* View */,
				E852C67D26D80662008927B7 /* Tools */,
				E852C67C26D803DE008927B7 /* Application */,
				E852C67B26D803AA008927B7 /* Resources */,
				E852C67A26D80364008927B7 /* Controller */,
			);
			path = BrowsAR;
			sourceTree = "<group>";
		};
		E852C67A26D80364008927B7 /* Controller */ = {
			isa = PBXGroup;
			children = (
				E852C66826D7F832008927B7 /* ViewController.swift */,
			);
			path = Controller;
			sourceTree = "<group>";
		};
		E852C67B26D803AA008927B7 /* Resources */ = {
			isa = PBXGroup;
			children = (
				E852C66626D7F832008927B7 /* art.scnassets */,
				E852C66D26D7F833008927B7 /* Assets.xcassets */,
				E852C66F26D7F833008927B7 /* LaunchScreen.storyboard */,
				E852C67226D7F833008927B7 /* Info.plist */,
			);
			path = Resources;
			sourceTree = "<group>";
		};
		E852C67C26D803DE008927B7 /* Application */ = {
			isa = PBXGroup;
			children = (
				E852C66426D7F832008927B7 /* AppDelegate.swift */,
			);
			path = Application;
			sourceTree = "<group>";
		};
		E852C67D26D80662008927B7 /* Tools */ = {
			isa = PBXGroup;
			children = (
				E852C67E26D80688008927B7 /* ARSCNConfig.swift */,
			);
			path = Tools;
			sourceTree = "<group>";
		};
		E852C68226D80878008927B7 /* View */ = {
			isa = PBXGroup;
			children = (
				E852C66A26D7F832008927B7 /* Main.storyboard */,
			);
			path = View;
			sourceTree = "<group>";
		};
		E852C68326D80898008927B7 /* Modules */ = {
			isa = PBXGroup;
			children = (
				E852C68426D808A2008927B7 /* Web */,
			);
			path = Modules;
			sourceTree = "<group>";
		};
		E852C68426D808A2008927B7 /* Web */ = {
			isa = PBXGroup;
			children = (
				E852C68526D808F4008927B7 /* WebController.swift */,
				E852C68726D8091A008927B7 /* WebNode.swift */,
			);
			path = Web;
			sourceTree = "<group>";
		};
/* End PBXGroup section */

/* Begin PBXNativeTarget section */
		E852C66026D7F832008927B7 /* BrowsAR */ = {
			isa = PBXNativeTarget;
			buildConfigurationList = E852C67526D7F833008927B7 /* Build configuration list for PBXNativeTarget "BrowsAR" */;
			buildPhases = (
				E852C65D26D7F832008927B7 /* Sources */,
				E852C65E26D7F832008927B7 /* Frameworks */,
				E852C65F26D7F832008927B7 /* Resources */,
			);
			buildRules = (
			);
			dependencies = (
			);
			name = BrowsAR;
			productName = BrowsAR;
			productReference = E852C66126D7F832008927B7 /* BrowsAR.app */;
			productType = "com.apple.product-type.application";
		};
/* End PBXNativeTarget section */

/* Begin PBXProject section */
		E852C65926D7F832008927B7 /* Project object */ = {
			isa = PBXProject;
			attributes = {
				LastSwiftUpdateCheck = 1250;
				LastUpgradeCheck = 1250;
				TargetAttributes = {
					E852C66026D7F832008927B7 = {
						CreatedOnToolsVersion = 12.5.1;
					};
				};
			};
			buildConfigurationList = E852C65C26D7F832008927B7 /* Build configuration list for PBXProject "BrowsAR" */;
			compatibilityVersion = "Xcode 9.3";
			developmentRegion = en;
			hasScannedForEncodings = 0;
			knownRegions = (
				en,
				Base,
			);
			mainGroup = E852C65826D7F832008927B7;
			productRefGroup = E852C66226D7F832008927B7 /* Products */;
			projectDirPath = "";
			projectRoot = "";
			targets = (
				E852C66026D7F832008927B7 /* BrowsAR */,
			);
		};
/* End PBXProject section */

/* Begin PBXResourcesBuildPhase section */
		E852C65F26D7F832008927B7 /* Resources */ = {
			isa = PBXResourcesBuildPhase;
			buildActionMask = 2147483647;
			files = (
				E852C66726D7F832008927B7 /* art.scnassets in Resources */,
				E852C67126D7F833008927B7 /* LaunchScreen.storyboard in Resources */,
				E852C66E26D7F833008927B7 /* Assets.xcassets in Resources */,
				E852C66C26D7F832008927B7 /* Main.storyboard in Resources */,
			);
			runOnlyForDeploymentPostprocessing = 0;
		};
/* End PBXResourcesBuildPhase section */

/* Begin PBXSourcesBuildPhase section */
		E852C65D26D7F832008927B7 /* Sources */ = {
			isa = PBXSourcesBuildPhase;
			buildActionMask = 2147483647;
			files = (
				E852C68126D806CE008927B7 /* BrowsARModel.mlmodel in Sources */,
				E852C67F26D80688008927B7 /* ARSCNConfig.swift in Sources */,
				E852C68626D808F4008927B7 /* WebController.swift in Sources */,
				E852C66926D7F832008927B7 /* ViewController.swift in Sources */,
				E852C68826D8091A008927B7 /* WebNode.swift in Sources */,
				E852C66526D7F832008927B7 /* AppDelegate.swift in Sources */,
			);
			runOnlyForDeploymentPostprocessing = 0;
		};
/* End PBXSourcesBuildPhase section */

/* Begin PBXVariantGroup section */
		E852C66A26D7F832008927B7 /* Main.storyboard */ = {
			isa = PBXVariantGroup;
			children = (
				E852C66B26D7F832008927B7 /* Base */,
			);
			name = Main.storyboard;
			sourceTree = "<group>";
		};
		E852C66F26D7F833008927B7 /* LaunchScreen.storyboard */ = {
			isa = PBXVariantGroup;
			children = (
				E852C67026D7F833008927B7 /* Base */,
			);
			name = LaunchScreen.storyboard;
			sourceTree = "<group>";
		};
/* End PBXVariantGroup section */

/* Begin XCBuildConfiguration section */
		E852C67326D7F833008927B7 /* Debug */ = {
			isa = XCBuildConfiguration;
			buildSettings = {
				ALWAYS_SEARCH_USER_PATHS = NO;
				CLANG_ANALYZER_NONNULL = YES;
				CLANG_ANALYZER_NUMBER_OBJECT_CONVERSION = YES_AGGRESSIVE;
				CLANG_CXX_LANGUAGE_STANDARD = "gnu++14";
				CLANG_CXX_LIBRARY = "libc++";
				CLANG_ENABLE_MODULES = YES;
				CLANG_ENABLE_OBJC_ARC = YES;
				CLANG_ENABLE_OBJC_WEAK = YES;
				CLANG_WARN_BLOCK_CAPTURE_AUTORELEASING = YES;
				CLANG_WARN_BOOL_CONVERSION = YES;
				CLANG_WARN_COMMA = YES;
				CLANG_WARN_CONSTANT_CONVERSION = YES;
				CLANG_WARN_DEPRECATED_OBJC_IMPLEMENTATIONS = YES;
				CLANG_WARN_DIRECT_OBJC_ISA_USAGE = YES_ERROR;
				CLANG_WARN_DOCUMENTATION_COMMENTS = YES;
				CLANG_WARN_EMPTY_BODY = YES;
				CLANG_WARN_ENUM_CONVERSION = YES;
				CLANG_WARN_INFINITE_RECURSION = YES;
				CLANG_WARN_INT_CONVERSION = YES;
				CLANG_WARN_NON_LITERAL_NULL_CONVERSION = YES;
				CLANG_WARN_OBJC_IMPLICIT_RETAIN_SELF = YES;
				CLANG_WARN_OBJC_LITERAL_CONVERSION = YES;
				CLANG_WARN_OBJC_ROOT_CLASS = YES_ERROR;
				CLANG_WARN_QUOTED_INCLUDE_IN_FRAMEWORK_HEADER = YES;
				CLANG_WARN_RANGE_LOOP_ANALYSIS = YES;
				CLANG_WARN_STRICT_PROTOTYPES = YES;
				CLANG_WARN_SUSPICIOUS_MOVE = YES;
				CLANG_WARN_UNGUARDED_AVAILABILITY = YES_AGGRESSIVE;
				CLANG_WARN_UNREACHABLE_CODE = YES;
				CLANG_WARN__DUPLICATE_METHOD_MATCH = YES;
				COPY_PHASE_STRIP = NO;
				DEBUG_INFORMATION_FORMAT = dwarf;
				ENABLE_STRICT_OBJC_MSGSEND = YES;
				ENABLE_TESTABILITY = YES;
				GCC_C_LANGUAGE_STANDARD = gnu11;
				GCC_DYNAMIC_NO_PIC = NO;
				GCC_NO_COMMON_BLOCKS = YES;
				GCC_OPTIMIZATION_LEVEL = 0;
				GCC_PREPROCESSOR_DEFINITIONS = (
					"DEBUG=1",
					"$(inherited)",
				);
				GCC_WARN_64_TO_32_BIT_CONVERSION = YES;
				GCC_WARN_ABOUT_RETURN_TYPE = YES_ERROR;
				GCC_WARN_UNDECLARED_SELECTOR = YES;
				GCC_WARN_UNINITIALIZED_AUTOS = YES_AGGRESSIVE;
				GCC_WARN_UNUSED_FUNCTION = YES;
				GCC_WARN_UNUSED_VARIABLE = YES;
				IPHONEOS_DEPLOYMENT_TARGET = 12.1;
				MTL_ENABLE_DEBUG_INFO = INCLUDE_SOURCE;
				MTL_FAST_MATH = YES;
				ONLY_ACTIVE_ARCH = YES;
				SDKROOT = iphoneos;
				SWIFT_ACTIVE_COMPILATION_CONDITIONS = DEBUG;
				SWIFT_OPTIMIZATION_LEVEL = "-Onone";
			};
			name = Debug;
		};
		E852C67426D7F833008927B7 /* Release */ = {
			isa = XCBuildConfiguration;
			buildSettings = {
				ALWAYS_SEARCH_USER_PATHS = NO;
				CLANG_ANALYZER_NONNULL = YES;
				CLANG_ANALYZER_NUMBER_OBJECT_CONVERSION = YES_AGGRESSIVE;
				CLANG_CXX_LANGUAGE_STANDARD = "gnu++14";
				CLANG_CXX_LIBRARY = "libc++";
				CLANG_ENABLE_MODULES = YES;
				CLANG_ENABLE_OBJC_ARC = YES;
				CLANG_ENABLE_OBJC_WEAK = YES;
				CLANG_WARN_BLOCK_CAPTURE_AUTORELEASING = YES;
				CLANG_WARN_BOOL_CONVERSION = YES;
				CLANG_WARN_COMMA = YES;
				CLANG_WARN_CONSTANT_CONVERSION = YES;
				CLANG_WARN_DEPRECATED_OBJC_IMPLEMENTATIONS = YES;
				CLANG_WARN_DIRECT_OBJC_ISA_USAGE = YES_ERROR;
				CLANG_WARN_DOCUMENTATION_COMMENTS = YES;
				CLANG_WARN_EMPTY_BODY = YES;
				CLANG_WARN_ENUM_CONVERSION = YES;
				CLANG_WARN_INFINITE_RECURSION = YES;
				CLANG_WARN_INT_CONVERSION = YES;
				CLANG_WARN_NON_LITERAL_NULL_CONVERSION = YES;
				CLANG_WARN_OBJC_IMPLICIT_RETAIN_SELF = YES;
				CLANG_WARN_OBJC_LITERAL_CONVERSION = YES;
				CLANG_WARN_OBJC_ROOT_CLASS = YES_ERROR;
				CLANG_WARN_QUOTED_INCLUDE_IN_FRAMEWORK_HEADER = YES;
				CLANG_WARN_RANGE_LOOP_ANALYSIS = YES;
				CLANG_WARN_STRICT_PROTOTYPES = YES;
				CLANG_WARN_SUSPICIOUS_MOVE = YES;
				CLANG_WARN_UNGUARDED_AVAILABILITY = YES_AGGRESSIVE;
				CLANG_WARN_UNREACHABLE_CODE = YES;
				CLANG_WARN__DUPLICATE_METHOD_MATCH = YES;
				COPY_PHASE_STRIP = NO;
				DEBUG_INFORMATION_FORMAT = "dwarf-with-dsym";
				ENABLE_NS_ASSERTIONS = NO;
				ENABLE_STRICT_OBJC_MSGSEND = YES;
				GCC_C_LANGUAGE_STANDARD = gnu11;
				GCC_NO_COMMON_BLOCKS = YES;
				GCC_WARN_64_TO_32_BIT_CONVERSION = YES;
				GCC_WARN_ABOUT_RETURN_TYPE = YES_ERROR;
				GCC_WARN_UNDECLARED_SELECTOR = YES;
				GCC_WARN_UNINITIALIZED_AUTOS = YES_AGGRESSIVE;
				GCC_WARN_UNUSED_FUNCTION = YES;
				GCC_WARN_UNUSED_VARIABLE = YES;
				IPHONEOS_DEPLOYMENT_TARGET = 12.1;
				MTL_ENABLE_DEBUG_INFO = NO;
				MTL_FAST_MATH = YES;
				SDKROOT = iphoneos;
				SWIFT_COMPILATION_MODE = wholemodule;
				SWIFT_OPTIMIZATION_LEVEL = "-O";
				VALIDATE_PRODUCT = YES;
			};
			name = Release;
		};
		E852C67626D7F833008927B7 /* Debug */ = {
			isa = XCBuildConfiguration;
			buildSettings = {
				ASSETCATALOG_COMPILER_APPICON_NAME = AppIcon;
				ASSETCATALOG_COMPILER_GLOBAL_ACCENT_COLOR_NAME = AccentColor;
				CODE_SIGN_STYLE = Automatic;
				DEVELOPMENT_TEAM = 2H6UDJ3P4F;
				INFOPLIST_FILE = BrowsAR/Resources/Info.plist;
				LD_RUNPATH_SEARCH_PATHS = (
					"$(inherited)",
					"@executable_path/Frameworks",
				);
				PRODUCT_BUNDLE_IDENTIFIER = mbarosevic.BrowsAR;
				PRODUCT_NAME = "$(TARGET_NAME)";
				SWIFT_VERSION = 5.0;
				TARGETED_DEVICE_FAMILY = "1,2";
			};
			name = Debug;
		};
		E852C67726D7F833008927B7 /* Release */ = {
			isa = XCBuildConfiguration;
			buildSettings = {
				ASSETCATALOG_COMPILER_APPICON_NAME = AppIcon;
				ASSETCATALOG_COMPILER_GLOBAL_ACCENT_COLOR_NAME = AccentColor;
				CODE_SIGN_STYLE = Automatic;
				DEVELOPMENT_TEAM = 2H6UDJ3P4F;
				INFOPLIST_FILE = BrowsAR/Resources/Info.plist;
				LD_RUNPATH_SEARCH_PATHS = (
					"$(inherited)",
					"@executable_path/Frameworks",
				);
				PRODUCT_BUNDLE_IDENTIFIER = mbarosevic.BrowsAR;
				PRODUCT_NAME = "$(TARGET_NAME)";
				SWIFT_VERSION = 5.0;
				TARGETED_DEVICE_FAMILY = "1,2";
			};
			name = Release;
		};
/* End XCBuildConfiguration section */

/* Begin XCConfigurationList section */
		E852C65C26D7F832008927B7 /* Build configuration list for PBXProject "BrowsAR" */ = {
			isa = XCConfigurationList;
			buildConfigurations = (
				E852C67326D7F833008927B7 /* Debug */,
				E852C67426D7F833008927B7 /* Release */,
			);
			defaultConfigurationIsVisible = 0;
			defaultConfigurationName = Release;
		};
		E852C67526D7F833008927B7 /* Build configuration list for PBXNativeTarget "BrowsAR" */ = {
			isa = XCConfigurationList;
			buildConfigurations = (
				E852C67626D7F833008927B7 /* Debug */,
				E852C67726D7F833008927B7 /* Release */,
			);
			defaultConfigurationIsVisible = 0;
			defaultConfigurationName = Release;
		};
/* End XCConfigurationList section */
	};
	rootObject = E852C65926D7F832008927B7 /* Project object */;
}
